
Microsoft Visual Studio Solution File, Format Version 12.00
# Visual Studio Version 17
VisualStudioVersion = 17.13.35806.99 d17.13
MinimumVisualStudioVersion = 10.0.40219.1
Project("{FAE04EC0-301F-11D3-BF4B-00C04F79EFBC}") = "ndumisoStudyGroup", "ndumisoStudyGroup\ndumisoStudyGroup.csproj", "{FE461E16-5CBD-4E73-9BF6-FA0E013738D7}"
EndProject
Global
	GlobalSection(SolutionConfigurationPlatforms) = preSolution
		Debug|Any CPU = Debug|Any CPU
		Release|Any CPU = Release|Any CPU
	EndGlobalSection
	GlobalSection(ProjectConfigurationPlatforms) = postSolution
		{FE461E16-5CBD-4E73-9BF6-FA0E013738D7}.Debug|Any CPU.ActiveCfg = Debug|Any CPU
		{FE461E16-5CBD-4E73-9BF6-FA0E013738D7}.Debug|Any CPU.Build.0 = Debug|Any CPU
		{FE461E16-5CBD-4E73-9BF6-FA0E013738D7}.Release|Any CPU.ActiveCfg = Release|Any CPU
		{FE461E16-5CBD-4E73-9BF6-FA0E013738D7}.Release|Any CPU.Build.0 = Release|Any CPU
	EndGlobalSection
	GlobalSection(SolutionProperties) = preSolution
		HideSolutionNode = FALSE
	EndGlobalSection
	GlobalSection(ExtensibilityGlobals) = postSolution
		SolutionGuid = {288E8024-7DC8-4B8A-8F27-57ABB0B19711}
	EndGlobalSection
EndGlobal
